// !$*UTF8*$!
{
	archiveVersion = 1;
	classes = {
	};
	objectVersion = 50;
	objects = {

/* Begin PBXBuildFile section */
		17848EE32151257B00625D4C /* TabBarViewController.swift in Sources */ = {isa = PBXBuildFile; fileRef = 17848EE22151257B00625D4C /* TabBarViewController.swift */; };
		17848EE52151282B00625D4C /* Home.storyboard in Resources */ = {isa = PBXBuildFile; fileRef = 17848EE42151282B00625D4C /* Home.storyboard */; };
		17848EE72151295500625D4C /* Lifestages.storyboard in Resources */ = {isa = PBXBuildFile; fileRef = 17848EE62151295500625D4C /* Lifestages.storyboard */; };
		17848EE92151296200625D4C /* Journal.storyboard in Resources */ = {isa = PBXBuildFile; fileRef = 17848EE82151296200625D4C /* Journal.storyboard */; };
		433521382150488000CD5062 /* LifeStage.swift in Sources */ = {isa = PBXBuildFile; fileRef = 433521372150488000CD5062 /* LifeStage.swift */; };
		4335213A21504F1000CD5062 /* JournalEntry.swift in Sources */ = {isa = PBXBuildFile; fileRef = 4335213921504F1000CD5062 /* JournalEntry.swift */; };
		4335213C21504FF400CD5062 /* Swallowtail.swift in Sources */ = {isa = PBXBuildFile; fileRef = 4335213B21504FF400CD5062 /* Swallowtail.swift */; };
		4335213E2150528300CD5062 /* User.swift in Sources */ = {isa = PBXBuildFile; fileRef = 4335213D2150528300CD5062 /* User.swift */; };
		43CEB5BC214FFEB000D7835C /* AppDelegate.swift in Sources */ = {isa = PBXBuildFile; fileRef = 43CEB5BB214FFEB000D7835C /* AppDelegate.swift */; };
		43CEB5C1214FFEB000D7835C /* Main.storyboard in Resources */ = {isa = PBXBuildFile; fileRef = 43CEB5BF214FFEB000D7835C /* Main.storyboard */; };
		43CEB5C3214FFEB300D7835C /* Assets.xcassets in Resources */ = {isa = PBXBuildFile; fileRef = 43CEB5C2214FFEB300D7835C /* Assets.xcassets */; };
		43CEB5C6214FFEB300D7835C /* LaunchScreen.storyboard in Resources */ = {isa = PBXBuildFile; fileRef = 43CEB5C4214FFEB300D7835C /* LaunchScreen.storyboard */; };
		43E867EA2151690F00BDBBC5 /* JournalListViewController.swift in Sources */ = {isa = PBXBuildFile; fileRef = 43E867E92151690F00BDBBC5 /* JournalListViewController.swift */; };
		43E867EC2151714A00BDBBC5 /* JournalDetailViewController.swift in Sources */ = {isa = PBXBuildFile; fileRef = 43E867EB2151714A00BDBBC5 /* JournalDetailViewController.swift */; };
/* End PBXBuildFile section */

/* Begin PBXFileReference section */
		17848EE22151257B00625D4C /* TabBarViewController.swift */ = {isa = PBXFileReference; lastKnownFileType = sourcecode.swift; path = TabBarViewController.swift; sourceTree = "<group>"; };
		17848EE42151282B00625D4C /* Home.storyboard */ = {isa = PBXFileReference; lastKnownFileType = file.storyboard; path = Home.storyboard; sourceTree = "<group>"; };
		17848EE62151295500625D4C /* Lifestages.storyboard */ = {isa = PBXFileReference; lastKnownFileType = file.storyboard; path = Lifestages.storyboard; sourceTree = "<group>"; };
		17848EE82151296200625D4C /* Journal.storyboard */ = {isa = PBXFileReference; lastKnownFileType = file.storyboard; path = Journal.storyboard; sourceTree = "<group>"; };
		433521372150488000CD5062 /* LifeStage.swift */ = {isa = PBXFileReference; lastKnownFileType = sourcecode.swift; path = LifeStage.swift; sourceTree = "<group>"; };
		4335213921504F1000CD5062 /* JournalEntry.swift */ = {isa = PBXFileReference; lastKnownFileType = sourcecode.swift; path = JournalEntry.swift; sourceTree = "<group>"; };
		4335213B21504FF400CD5062 /* Swallowtail.swift */ = {isa = PBXFileReference; lastKnownFileType = sourcecode.swift; path = Swallowtail.swift; sourceTree = "<group>"; };
		4335213D2150528300CD5062 /* User.swift */ = {isa = PBXFileReference; lastKnownFileType = sourcecode.swift; path = User.swift; sourceTree = "<group>"; };
		43CEB5B8214FFEB000D7835C /* ProjectCaterpillar.app */ = {isa = PBXFileReference; explicitFileType = wrapper.application; includeInIndex = 0; path = ProjectCaterpillar.app; sourceTree = BUILT_PRODUCTS_DIR; };
		43CEB5BB214FFEB000D7835C /* AppDelegate.swift */ = {isa = PBXFileReference; lastKnownFileType = sourcecode.swift; path = AppDelegate.swift; sourceTree = "<group>"; };
		43CEB5C0214FFEB000D7835C /* Base */ = {isa = PBXFileReference; lastKnownFileType = file.storyboard; name = Base; path = Base.lproj/Main.storyboard; sourceTree = "<group>"; };
		43CEB5C2214FFEB300D7835C /* Assets.xcassets */ = {isa = PBXFileReference; lastKnownFileType = folder.assetcatalog; path = Assets.xcassets; sourceTree = "<group>"; };
		43CEB5C5214FFEB300D7835C /* Base */ = {isa = PBXFileReference; lastKnownFileType = file.storyboard; name = Base; path = Base.lproj/LaunchScreen.storyboard; sourceTree = "<group>"; };
		43CEB5C7214FFEB300D7835C /* Info.plist */ = {isa = PBXFileReference; lastKnownFileType = text.plist.xml; path = Info.plist; sourceTree = "<group>"; };
		43E867E92151690F00BDBBC5 /* JournalListViewController.swift */ = {isa = PBXFileReference; lastKnownFileType = sourcecode.swift; path = JournalListViewController.swift; sourceTree = "<group>"; };
		43E867EB2151714A00BDBBC5 /* JournalDetailViewController.swift */ = {isa = PBXFileReference; lastKnownFileType = sourcecode.swift; path = JournalDetailViewController.swift; sourceTree = "<group>"; };
/* End PBXFileReference section */

/* Begin PBXFrameworksBuildPhase section */
		43CEB5B5214FFEB000D7835C /* Frameworks */ = {
			isa = PBXFrameworksBuildPhase;
			buildActionMask = 2147483647;
			files = (
			);
			runOnlyForDeploymentPostprocessing = 0;
		};
/* End PBXFrameworksBuildPhase section */

/* Begin PBXGroup section */
		17848ED92151222700625D4C /* Storyboards */ = {
			isa = PBXGroup;
			children = (
				43CEB5BF214FFEB000D7835C /* Main.storyboard */,
				17848EE42151282B00625D4C /* Home.storyboard */,
				17848EE62151295500625D4C /* Lifestages.storyboard */,
				17848EE82151296200625D4C /* Journal.storyboard */,
			);
			path = Storyboards;
			sourceTree = "<group>";
		};
		17848EE02151253B00625D4C /* Model */ = {
			isa = PBXGroup;
			children = (
				433521372150488000CD5062 /* LifeStage.swift */,
				4335213921504F1000CD5062 /* JournalEntry.swift */,
				4335213D2150528300CD5062 /* User.swift */,
				4335213B21504FF400CD5062 /* Swallowtail.swift */,
			);
			path = Model;
			sourceTree = "<group>";
		};
		17848EE12151254400625D4C /* Controllers */ = {
			isa = PBXGroup;
			children = (
				17848EE22151257B00625D4C /* TabBarViewController.swift */,
				43E867E92151690F00BDBBC5 /* JournalListViewController.swift */,
				43E867EB2151714A00BDBBC5 /* JournalDetailViewController.swift */,
			);
			path = Controllers;
			sourceTree = "<group>";
		};
		43CEB5AF214FFEB000D7835C = {
			isa = PBXGroup;
			children = (
				43CEB5BA214FFEB000D7835C /* ProjectCaterpillar */,
				43CEB5B9214FFEB000D7835C /* Products */,
			);
			sourceTree = "<group>";
		};
		43CEB5B9214FFEB000D7835C /* Products */ = {
			isa = PBXGroup;
			children = (
				43CEB5B8214FFEB000D7835C /* ProjectCaterpillar.app */,
			);
			name = Products;
			sourceTree = "<group>";
		};
		43CEB5BA214FFEB000D7835C /* ProjectCaterpillar */ = {
			isa = PBXGroup;
			children = (
				17848ED92151222700625D4C /* Storyboards */,
				17848EE12151254400625D4C /* Controllers */,
				17848EE02151253B00625D4C /* Model */,
				43CEB5C2214FFEB300D7835C /* Assets.xcassets */,
				43CEB5BB214FFEB000D7835C /* AppDelegate.swift */,
				43CEB5C4214FFEB300D7835C /* LaunchScreen.storyboard */,
				43CEB5C7214FFEB300D7835C /* Info.plist */,
			);
			path = ProjectCaterpillar;
			sourceTree = "<group>";
		};
/* End PBXGroup section */

/* Begin PBXNativeTarget section */
		43CEB5B7214FFEB000D7835C /* ProjectCaterpillar */ = {
			isa = PBXNativeTarget;
			buildConfigurationList = 43CEB5CA214FFEB300D7835C /* Build configuration list for PBXNativeTarget "ProjectCaterpillar" */;
			buildPhases = (
				43CEB5B4214FFEB000D7835C /* Sources */,
				43CEB5B5214FFEB000D7835C /* Frameworks */,
				43CEB5B6214FFEB000D7835C /* Resources */,
			);
			buildRules = (
			);
			dependencies = (
			);
			name = ProjectCaterpillar;
			productName = ProjectCaterpillar;
			productReference = 43CEB5B8214FFEB000D7835C /* ProjectCaterpillar.app */;
			productType = "com.apple.product-type.application";
		};
/* End PBXNativeTarget section */

/* Begin PBXProject section */
		43CEB5B0214FFEB000D7835C /* Project object */ = {
			isa = PBXProject;
			attributes = {
				LastSwiftUpdateCheck = 0940;
				LastUpgradeCheck = 0940;
				ORGANIZATIONNAME = com.detroitlabs;
				TargetAttributes = {
					43CEB5B7214FFEB000D7835C = {
						CreatedOnToolsVersion = 9.4.1;
					};
				};
			};
			buildConfigurationList = 43CEB5B3214FFEB000D7835C /* Build configuration list for PBXProject "ProjectCaterpillar" */;
			compatibilityVersion = "Xcode 9.3";
			developmentRegion = en;
			hasScannedForEncodings = 0;
			knownRegions = (
				en,
				Base,
			);
			mainGroup = 43CEB5AF214FFEB000D7835C;
			productRefGroup = 43CEB5B9214FFEB000D7835C /* Products */;
			projectDirPath = "";
			projectRoot = "";
			targets = (
				43CEB5B7214FFEB000D7835C /* ProjectCaterpillar */,
			);
		};
/* End PBXProject section */

/* Begin PBXResourcesBuildPhase section */
		43CEB5B6214FFEB000D7835C /* Resources */ = {
			isa = PBXResourcesBuildPhase;
			buildActionMask = 2147483647;
			files = (
				17848EE72151295500625D4C /* Lifestages.storyboard in Resources */,
				43CEB5C6214FFEB300D7835C /* LaunchScreen.storyboard in Resources */,
				17848EE92151296200625D4C /* Journal.storyboard in Resources */,
				43CEB5C3214FFEB300D7835C /* Assets.xcassets in Resources */,
				43CEB5C1214FFEB000D7835C /* Main.storyboard in Resources */,
				17848EE52151282B00625D4C /* Home.storyboard in Resources */,
			);
			runOnlyForDeploymentPostprocessing = 0;
		};
/* End PBXResourcesBuildPhase section */

/* Begin PBXSourcesBuildPhase section */
		43CEB5B4214FFEB000D7835C /* Sources */ = {
			isa = PBXSourcesBuildPhase;
			buildActionMask = 2147483647;
			files = (
				433521382150488000CD5062 /* LifeStage.swift in Sources */,
				4335213C21504FF400CD5062 /* Swallowtail.swift in Sources */,
				43E867EA2151690F00BDBBC5 /* JournalListViewController.swift in Sources */,
				43E867EC2151714A00BDBBC5 /* JournalDetailViewController.swift in Sources */,
				4335213E2150528300CD5062 /* User.swift in Sources */,
				4335213A21504F1000CD5062 /* JournalEntry.swift in Sources */,
				17848EE32151257B00625D4C /* TabBarViewController.swift in Sources */,
				43CEB5BC214FFEB000D7835C /* AppDelegate.swift in Sources */,
			);
			runOnlyForDeploymentPostprocessing = 0;
		};
/* End PBXSourcesBuildPhase section */

/* Begin PBXVariantGroup section */
		43CEB5BF214FFEB000D7835C /* Main.storyboard */ = {
			isa = PBXVariantGroup;
			children = (
				43CEB5C0214FFEB000D7835C /* Base */,
			);
			name = Main.storyboard;
			sourceTree = "<group>";
		};
		43CEB5C4214FFEB300D7835C /* LaunchScreen.storyboard */ = {
			isa = PBXVariantGroup;
			children = (
				43CEB5C5214FFEB300D7835C /* Base */,
			);
			name = LaunchScreen.storyboard;
			sourceTree = "<group>";
		};
/* End PBXVariantGroup section */

/* Begin XCBuildConfiguration section */
		43CEB5C8214FFEB300D7835C /* Debug */ = {
			isa = XCBuildConfiguration;
			buildSettings = {
				ALWAYS_SEARCH_USER_PATHS = NO;
				CLANG_ANALYZER_NONNULL = YES;
				CLANG_ANALYZER_NUMBER_OBJECT_CONVERSION = YES_AGGRESSIVE;
				CLANG_CXX_LANGUAGE_STANDARD = "gnu++14";
				CLANG_CXX_LIBRARY = "libc++";
				CLANG_ENABLE_MODULES = YES;
				CLANG_ENABLE_OBJC_ARC = YES;
				CLANG_ENABLE_OBJC_WEAK = YES;
				CLANG_WARN_BLOCK_CAPTURE_AUTORELEASING = YES;
				CLANG_WARN_BOOL_CONVERSION = YES;
				CLANG_WARN_COMMA = YES;
				CLANG_WARN_CONSTANT_CONVERSION = YES;
				CLANG_WARN_DEPRECATED_OBJC_IMPLEMENTATIONS = YES;
				CLANG_WARN_DIRECT_OBJC_ISA_USAGE = YES_ERROR;
				CLANG_WARN_DOCUMENTATION_COMMENTS = YES;
				CLANG_WARN_EMPTY_BODY = YES;
				CLANG_WARN_ENUM_CONVERSION = YES;
				CLANG_WARN_INFINITE_RECURSION = YES;
				CLANG_WARN_INT_CONVERSION = YES;
				CLANG_WARN_NON_LITERAL_NULL_CONVERSION = YES;
				CLANG_WARN_OBJC_IMPLICIT_RETAIN_SELF = YES;
				CLANG_WARN_OBJC_LITERAL_CONVERSION = YES;
				CLANG_WARN_OBJC_ROOT_CLASS = YES_ERROR;
				CLANG_WARN_RANGE_LOOP_ANALYSIS = YES;
				CLANG_WARN_STRICT_PROTOTYPES = YES;
				CLANG_WARN_SUSPICIOUS_MOVE = YES;
				CLANG_WARN_UNGUARDED_AVAILABILITY = YES_AGGRESSIVE;
				CLANG_WARN_UNREACHABLE_CODE = YES;
				CLANG_WARN__DUPLICATE_METHOD_MATCH = YES;
				CODE_SIGN_IDENTITY = "iPhone Developer";
				COPY_PHASE_STRIP = NO;
				DEBUG_INFORMATION_FORMAT = dwarf;
				ENABLE_STRICT_OBJC_MSGSEND = YES;
				ENABLE_TESTABILITY = YES;
				GCC_C_LANGUAGE_STANDARD = gnu11;
				GCC_DYNAMIC_NO_PIC = NO;
				GCC_NO_COMMON_BLOCKS = YES;
				GCC_OPTIMIZATION_LEVEL = 0;
				GCC_PREPROCESSOR_DEFINITIONS = (
					"DEBUG=1",
					"$(inherited)",
				);
				GCC_WARN_64_TO_32_BIT_CONVERSION = YES;
				GCC_WARN_ABOUT_RETURN_TYPE = YES_ERROR;
				GCC_WARN_UNDECLARED_SELECTOR = YES;
				GCC_WARN_UNINITIALIZED_AUTOS = YES_AGGRESSIVE;
				GCC_WARN_UNUSED_FUNCTION = YES;
				GCC_WARN_UNUSED_VARIABLE = YES;
				IPHONEOS_DEPLOYMENT_TARGET = 11.4;
				MTL_ENABLE_DEBUG_INFO = YES;
				ONLY_ACTIVE_ARCH = YES;
				SDKROOT = iphoneos;
				SWIFT_ACTIVE_COMPILATION_CONDITIONS = DEBUG;
				SWIFT_OPTIMIZATION_LEVEL = "-Onone";
			};
			name = Debug;
		};
		43CEB5C9214FFEB300D7835C /* Release */ = {
			isa = XCBuildConfiguration;
			buildSettings = {
				ALWAYS_SEARCH_USER_PATHS = NO;
				CLANG_ANALYZER_NONNULL = YES;
				CLANG_ANALYZER_NUMBER_OBJECT_CONVERSION = YES_AGGRESSIVE;
				CLANG_CXX_LANGUAGE_STANDARD = "gnu++14";
				CLANG_CXX_LIBRARY = "libc++";
				CLANG_ENABLE_MODULES = YES;
				CLANG_ENABLE_OBJC_ARC = YES;
				CLANG_ENABLE_OBJC_WEAK = YES;
				CLANG_WARN_BLOCK_CAPTURE_AUTORELEASING = YES;
				CLANG_WARN_BOOL_CONVERSION = YES;
				CLANG_WARN_COMMA = YES;
				CLANG_WARN_CONSTANT_CONVERSION = YES;
				CLANG_WARN_DEPRECATED_OBJC_IMPLEMENTATIONS = YES;
				CLANG_WARN_DIRECT_OBJC_ISA_USAGE = YES_ERROR;
				CLANG_WARN_DOCUMENTATION_COMMENTS = YES;
				CLANG_WARN_EMPTY_BODY = YES;
				CLANG_WARN_ENUM_CONVERSION = YES;
				CLANG_WARN_INFINITE_RECURSION = YES;
				CLANG_WARN_INT_CONVERSION = YES;
				CLANG_WARN_NON_LITERAL_NULL_CONVERSION = YES;
				CLANG_WARN_OBJC_IMPLICIT_RETAIN_SELF = YES;
				CLANG_WARN_OBJC_LITERAL_CONVERSION = YES;
				CLANG_WARN_OBJC_ROOT_CLASS = YES_ERROR;
				CLANG_WARN_RANGE_LOOP_ANALYSIS = YES;
				CLANG_WARN_STRICT_PROTOTYPES = YES;
				CLANG_WARN_SUSPICIOUS_MOVE = YES;
				CLANG_WARN_UNGUARDED_AVAILABILITY = YES_AGGRESSIVE;
				CLANG_WARN_UNREACHABLE_CODE = YES;
				CLANG_WARN__DUPLICATE_METHOD_MATCH = YES;
				CODE_SIGN_IDENTITY = "iPhone Developer";
				COPY_PHASE_STRIP = NO;
				DEBUG_INFORMATION_FORMAT = "dwarf-with-dsym";
				ENABLE_NS_ASSERTIONS = NO;
				ENABLE_STRICT_OBJC_MSGSEND = YES;
				GCC_C_LANGUAGE_STANDARD = gnu11;
				GCC_NO_COMMON_BLOCKS = YES;
				GCC_WARN_64_TO_32_BIT_CONVERSION = YES;
				GCC_WARN_ABOUT_RETURN_TYPE = YES_ERROR;
				GCC_WARN_UNDECLARED_SELECTOR = YES;
				GCC_WARN_UNINITIALIZED_AUTOS = YES_AGGRESSIVE;
				GCC_WARN_UNUSED_FUNCTION = YES;
				GCC_WARN_UNUSED_VARIABLE = YES;
				IPHONEOS_DEPLOYMENT_TARGET = 11.4;
				MTL_ENABLE_DEBUG_INFO = NO;
				SDKROOT = iphoneos;
				SWIFT_COMPILATION_MODE = wholemodule;
				SWIFT_OPTIMIZATION_LEVEL = "-O";
				VALIDATE_PRODUCT = YES;
			};
			name = Release;
		};
		43CEB5CB214FFEB300D7835C /* Debug */ = {
			isa = XCBuildConfiguration;
			buildSettings = {
				ASSETCATALOG_COMPILER_APPICON_NAME = AppIcon;
				CODE_SIGN_STYLE = Automatic;
				INFOPLIST_FILE = ProjectCaterpillar/Info.plist;
				LD_RUNPATH_SEARCH_PATHS = (
					"$(inherited)",
					"@executable_path/Frameworks",
				);
				PRODUCT_BUNDLE_IDENTIFIER = com.detroitlabs.ProjectCaterpillar;
				PRODUCT_NAME = "$(TARGET_NAME)";
				SWIFT_VERSION = 4.0;
				TARGETED_DEVICE_FAMILY = "1,2";
			};
			name = Debug;
		};
		43CEB5CC214FFEB300D7835C /* Release */ = {
			isa = XCBuildConfiguration;
			buildSettings = {
				ASSETCATALOG_COMPILER_APPICON_NAME = AppIcon;
				CODE_SIGN_STYLE = Automatic;
				INFOPLIST_FILE = ProjectCaterpillar/Info.plist;
				LD_RUNPATH_SEARCH_PATHS = (
					"$(inherited)",
					"@executable_path/Frameworks",
				);
				PRODUCT_BUNDLE_IDENTIFIER = com.detroitlabs.ProjectCaterpillar;
				PRODUCT_NAME = "$(TARGET_NAME)";
				SWIFT_VERSION = 4.0;
				TARGETED_DEVICE_FAMILY = "1,2";
			};
			name = Release;
		};
/* End XCBuildConfiguration section */

/* Begin XCConfigurationList section */
		43CEB5B3214FFEB000D7835C /* Build configuration list for PBXProject "ProjectCaterpillar" */ = {
			isa = XCConfigurationList;
			buildConfigurations = (
				43CEB5C8214FFEB300D7835C /* Debug */,
				43CEB5C9214FFEB300D7835C /* Release */,
			);
			defaultConfigurationIsVisible = 0;
			defaultConfigurationName = Release;
		};
		43CEB5CA214FFEB300D7835C /* Build configuration list for PBXNativeTarget "ProjectCaterpillar" */ = {
			isa = XCConfigurationList;
			buildConfigurations = (
				43CEB5CB214FFEB300D7835C /* Debug */,
				43CEB5CC214FFEB300D7835C /* Release */,
			);
			defaultConfigurationIsVisible = 0;
			defaultConfigurationName = Release;
		};
/* End XCConfigurationList section */
	};
	rootObject = 43CEB5B0214FFEB000D7835C /* Project object */;
}
